{
  "name": "src",
  "version": "1.0.0",
  "lockfileVersion": 3,
  "requires": true,
  "packages": {
    "": {
      "name": "src",
      "version": "1.0.0",
      "license": "ISC",
      "dependencies": {
        "papaparse": "^5.5.4",
        "wickra": "file:../../wickra.tgz"
      }
    },
    "node_modules/papaparse": {
      "version": "5.5.4",
      "resolved": "https://registry.npmjs.org/papaparse/-/papaparse-5.5.4.tgz",
      "integrity": "sha512-SwzWD9gl/ElwYLCI0nUja1mFJzjq2D8ziShfNBa7zCHzkOozeOGDwHWQ+tvCzEZcewecWZ5U7kUopDnG+DFYEQ==",
      "license": "MIT"
    },
    "node_modules/wickra": {
      "version": "0.8.6",
      "resolved": "file:../../wickra.tgz",
      "integrity": "sha512-vFXPyytHijxyD/wVQXIMpYMQs0ZcRArOS1p0JO4iaQ5U3nV6xhuugpH5yUGefjEux3aPqXfJOKiHktripnOUIQ==",
      "license": "MIT OR Apache-2.0",
      "engines": {
        "node": ">= 18"
      },
      "optionalDependencies": {
        "wickra-darwin-arm64": "0.8.6",
        "wickra-darwin-x64": "0.8.6",
        "wickra-linux-arm64-gnu": "0.8.6",
        "wickra-linux-x64-gnu": "0.8.6",
        "wickra-win32-arm64-msvc": "0.8.6",
        "wickra-win32-x64-msvc": "0.8.6"
      }
    },
    "node_modules/wickra-darwin-arm64": {
      "version": "0.8.6",
      "resolved": "https://registry.npmjs.org/wickra-darwin-arm64/-/wickra-darwin-arm64-0.8.6.tgz",
      "integrity": "sha512-KhpZMHHjkYSR12vhpOVSeAHWeJJdPOz/MERpArPA2YZY/JOz/yPgDhKIYahyWV5SJhsYkqVdJNqEoyCLuGf31A==",
      "cpu": [
        "arm64"
      ],
      "license": "MIT OR Apache-2.0",
      "optional": true,
      "os": [
        "darwin"
      ],
      "engines": {
        "node": ">= 18"
      }
    },
    "node_modules/wickra-darwin-x64": {
      "version": "0.8.6",
      "resolved": "https://registry.npmjs.org/wickra-darwin-x64/-/wickra-darwin-x64-0.8.6.tgz",
      "integrity": "sha512-B3fOE0lgh4ZoYKJBN4E0XY7Tkf2fQbwxatNrYcGLhEQEE1yEWFO+i80na6QLQCGDjISvJJDUjwBGozd+/ln50g==",
      "cpu": [
        "x64"
      ],
      "license": "MIT OR Apache-2.0",
      "optional": true,
      "os": [
        "darwin"
      ],
      "engines": {
        "node": ">= 18"
      }
    },
    "node_modules/wickra-linux-arm64-gnu": {
      "version": "0.8.6",
      "resolved": "https://registry.npmjs.org/wickra-linux-arm64-gnu/-/wickra-linux-arm64-gnu-0.8.6.tgz",
      "integrity": "sha512-gPAhX13qlEWaQRzOEfYsL9b6udkMAyNcKLoims79zQcKHteaCpczIhsy+V73LZqSJS6Hul92Q3/vVaY3MHXmIw==",
      "cpu": [
        "arm64"
      ],
      "license": "MIT OR Apache-2.0",
      "optional": true,
      "os": [
        "linux"
      ],
      "engines": {
        "node": ">= 18"
      }
    },
    "node_modules/wickra-linux-x64-gnu": {
      "version": "0.8.6",
      "resolved": "https://registry.npmjs.org/wickra-linux-x64-gnu/-/wickra-linux-x64-gnu-0.8.6.tgz",
      "integrity": "sha512-m7dkxWBOsaQCLXUIS03dsvsV+bQsDUHhDNO2pudqyevPBl7C55uCaxtvweSnXtgdmh4Arb2OmUDxHMWpVMBTSA==",
      "cpu": [
        "x64"
      ],
      "license": "MIT OR Apache-2.0",
      "optional": true,
      "os": [
        "linux"
      ],
      "engines": {
        "node": ">= 18"
      }
    },
    "node_modules/wickra-win32-arm64-msvc": {
      "version": "0.8.6",
      "resolved": "https://registry.npmjs.org/wickra-win32-arm64-msvc/-/wickra-win32-arm64-msvc-0.8.6.tgz",
      "integrity": "sha512-mSjpm7wvQkH+SKONWcXbSju4aQT3z3Dz24WyZSyy07pSZnOtaX0B95JoQH7ym6z9vL3xEBs5rTA/72K5cwGiFQ==",
      "cpu": [
        "arm64"
      ],
      "license": "MIT OR Apache-2.0",
      "optional": true,
      "os": [
        "win32"
      ],
      "engines": {
        "node": ">= 18"
      }
    },
    "node_modules/wickra-win32-x64-msvc": {
      "version": "0.8.6",
      "resolved": "https://registry.npmjs.org/wickra-win32-x64-msvc/-/wickra-win32-x64-msvc-0.8.6.tgz",
      "integrity": "sha512-aVGwiR3HMxHvJG+Sx8OymSJOSsLhRgSb+cVav5oY8KED51gqGKJz3jjxHk3SxcgcEH3rW1uIndxMhdmeK9Vjrg==",
      "cpu": [
        "x64"
      ],
      "license": "MIT OR Apache-2.0",
      "optional": true,
      "os": [
        "win32"
      ],
      "engines": {
        "node": ">= 18"
      }
    }
  }
}
